// !$*UTF8*$!
{
	archiveVersion = 1;
	classes = {
	};
	objectVersion = 56;
	objects = {

/* Begin PBXBuildFile section */
		1F9CDB882BD9089800567647 /* AddDoctorsViewModel.swift in Sources */ = {isa = PBXBuildFile; fileRef = 1F9CDB872BD9089800567647 /* AddDoctorsViewModel.swift */; };
		1F9CDB8A2BD908A200567647 /* AddDoctorView.swift in Sources */ = {isa = PBXBuildFile; fileRef = 1F9CDB892BD908A200567647 /* AddDoctorView.swift */; };
		7FCD22C12BD8D3DC006DA51A /* AuthenticationViewModel.swift in Sources */ = {isa = PBXBuildFile; fileRef = 7FCD22C02BD8D3DC006DA51A /* AuthenticationViewModel.swift */; };
		7FCD22C32BD8D43F006DA51A /* AuthenticationView.swift in Sources */ = {isa = PBXBuildFile; fileRef = 7FCD22C22BD8D43F006DA51A /* AuthenticationView.swift */; };
		7FCD22C52BD8D453006DA51A /* LoginView.swift in Sources */ = {isa = PBXBuildFile; fileRef = 7FCD22C42BD8D453006DA51A /* LoginView.swift */; };
		7FCD22C72BD8D480006DA51A /* SignupView.swift in Sources */ = {isa = PBXBuildFile; fileRef = 7FCD22C62BD8D480006DA51A /* SignupView.swift */; };
		7FCD22C92BD8D4CC006DA51A /* AdminView.swift in Sources */ = {isa = PBXBuildFile; fileRef = 7FCD22C82BD8D4CC006DA51A /* AdminView.swift */; };
		7FCD22CB2BD8D4E5006DA51A /* DoctorView.swift in Sources */ = {isa = PBXBuildFile; fileRef = 7FCD22CA2BD8D4E5006DA51A /* DoctorView.swift */; };
		7FCD22CD2BD8D51C006DA51A /* UserProfileView.swift in Sources */ = {isa = PBXBuildFile; fileRef = 7FCD22CC2BD8D51C006DA51A /* UserProfileView.swift */; };
		7FCD22CF2BD8D540006DA51A /* AuthenticatedView.swift in Sources */ = {isa = PBXBuildFile; fileRef = 7FCD22CE2BD8D540006DA51A /* AuthenticatedView.swift */; };
		7FCD22D12BD8D58F006DA51A /* FavoriteNumberView.swift in Sources */ = {isa = PBXBuildFile; fileRef = 7FCD22D02BD8D58F006DA51A /* FavoriteNumberView.swift */; };
		86A6B2EA2BD63BC8005DC851 /* hmsApp.swift in Sources */ = {isa = PBXBuildFile; fileRef = 86A6B2E92BD63BC8005DC851 /* hmsApp.swift */; };
		86A6B2EC2BD63BC8005DC851 /* ContentView.swift in Sources */ = {isa = PBXBuildFile; fileRef = 86A6B2EB2BD63BC8005DC851 /* ContentView.swift */; };
		86A6B2EE2BD63BC9005DC851 /* Assets.xcassets in Resources */ = {isa = PBXBuildFile; fileRef = 86A6B2ED2BD63BC9005DC851 /* Assets.xcassets */; };
		86A6B2F12BD63BC9005DC851 /* Preview Assets.xcassets in Resources */ = {isa = PBXBuildFile; fileRef = 86A6B2F02BD63BC9005DC851 /* Preview Assets.xcassets */; };
		86A6B3312BD63D36005DC851 /* GoogleService-Info.plist in Resources */ = {isa = PBXBuildFile; fileRef = 86A6B3302BD63D36005DC851 /* GoogleService-Info.plist */; };
		86A6B3332BD63D7B005DC851 /* Doctors.swift in Sources */ = {isa = PBXBuildFile; fileRef = 86A6B3322BD63D7B005DC851 /* Doctors.swift */; };
		86A6B3352BD63DAD005DC851 /* DoctorsViewModel.swift in Sources */ = {isa = PBXBuildFile; fileRef = 86A6B3342BD63DAD005DC851 /* DoctorsViewModel.swift */; };
		86A6B33E2BD7A8BB005DC851 /* DoctorListView.swift in Sources */ = {isa = PBXBuildFile; fileRef = 86A6B33D2BD7A8BB005DC851 /* DoctorListView.swift */; };
		86A6B3402BD7A8DB005DC851 /* PatientHomeView.swift in Sources */ = {isa = PBXBuildFile; fileRef = 86A6B33F2BD7A8DB005DC851 /* PatientHomeView.swift */; };
		86A6B3442BD7AE39005DC851 /* AppointmentCardView.swift in Sources */ = {isa = PBXBuildFile; fileRef = 86A6B3432BD7AE39005DC851 /* AppointmentCardView.swift */; };
		86A6B3482BD7DBC6005DC851 /* BookAppointmentView.swift in Sources */ = {isa = PBXBuildFile; fileRef = 86A6B3472BD7DBC6005DC851 /* BookAppointmentView.swift */; };
		8E7730772BD6BFC800EE1DA2 /* DateCalendarView.swift in Sources */ = {isa = PBXBuildFile; fileRef = 8E7730762BD6BFC800EE1DA2 /* DateCalendarView.swift */; };
		8E7730852BD7C95800EE1DA2 /* PrescriptionForm.swift in Sources */ = {isa = PBXBuildFile; fileRef = 8E7730842BD7C95800EE1DA2 /* PrescriptionForm.swift */; };
		8E7730882BD8E57700EE1DA2 /* FirebaseAnalytics in Frameworks */ = {isa = PBXBuildFile; productRef = 8E7730872BD8E57700EE1DA2 /* FirebaseAnalytics */; };
		8E77308A2BD8E57700EE1DA2 /* FirebaseAnalyticsOnDeviceConversion in Frameworks */ = {isa = PBXBuildFile; productRef = 8E7730892BD8E57700EE1DA2 /* FirebaseAnalyticsOnDeviceConversion */; };
		8E77308C2BD8E57700EE1DA2 /* FirebaseAnalyticsSwift in Frameworks */ = {isa = PBXBuildFile; productRef = 8E77308B2BD8E57700EE1DA2 /* FirebaseAnalyticsSwift */; };
		8E77308E2BD8E57700EE1DA2 /* FirebaseAnalyticsWithoutAdIdSupport in Frameworks */ = {isa = PBXBuildFile; productRef = 8E77308D2BD8E57700EE1DA2 /* FirebaseAnalyticsWithoutAdIdSupport */; };
		8E7730902BD8E57700EE1DA2 /* FirebaseAppDistribution-Beta in Frameworks */ = {isa = PBXBuildFile; productRef = 8E77308F2BD8E57700EE1DA2 /* FirebaseAppDistribution-Beta */; };
		8E7730922BD8E57700EE1DA2 /* FirebaseAuth in Frameworks */ = {isa = PBXBuildFile; productRef = 8E7730912BD8E57700EE1DA2 /* FirebaseAuth */; };
		8E7730942BD8E57700EE1DA2 /* FirebaseAuthCombine-Community in Frameworks */ = {isa = PBXBuildFile; productRef = 8E7730932BD8E57700EE1DA2 /* FirebaseAuthCombine-Community */; };
		8E7730962BD8E57700EE1DA2 /* FirebaseDatabase in Frameworks */ = {isa = PBXBuildFile; productRef = 8E7730952BD8E57700EE1DA2 /* FirebaseDatabase */; };
		8E7730982BD8E57700EE1DA2 /* FirebaseDatabaseSwift in Frameworks */ = {isa = PBXBuildFile; productRef = 8E7730972BD8E57700EE1DA2 /* FirebaseDatabaseSwift */; };
		8E77309A2BD8E57700EE1DA2 /* FirebaseFirestore in Frameworks */ = {isa = PBXBuildFile; productRef = 8E7730992BD8E57700EE1DA2 /* FirebaseFirestore */; };
		8E77309C2BD8E57700EE1DA2 /* FirebaseFirestoreCombine-Community in Frameworks */ = {isa = PBXBuildFile; productRef = 8E77309B2BD8E57700EE1DA2 /* FirebaseFirestoreCombine-Community */; };
		8E77309E2BD8E57700EE1DA2 /* FirebaseFirestoreSwift in Frameworks */ = {isa = PBXBuildFile; productRef = 8E77309D2BD8E57700EE1DA2 /* FirebaseFirestoreSwift */; };
		8E7730A02BD8E57700EE1DA2 /* FirebaseFunctions in Frameworks */ = {isa = PBXBuildFile; productRef = 8E77309F2BD8E57700EE1DA2 /* FirebaseFunctions */; };
		8E7730A22BD8E57700EE1DA2 /* FirebaseFunctionsCombine-Community in Frameworks */ = {isa = PBXBuildFile; productRef = 8E7730A12BD8E57700EE1DA2 /* FirebaseFunctionsCombine-Community */; };
		8E7730A42BD8E57700EE1DA2 /* FirebaseInAppMessaging-Beta in Frameworks */ = {isa = PBXBuildFile; productRef = 8E7730A32BD8E57700EE1DA2 /* FirebaseInAppMessaging-Beta */; };
		8E7730A62BD8E57700EE1DA2 /* FirebaseInAppMessagingSwift-Beta in Frameworks */ = {isa = PBXBuildFile; productRef = 8E7730A52BD8E57700EE1DA2 /* FirebaseInAppMessagingSwift-Beta */; };
		8E7730A82BD8E57700EE1DA2 /* FirebaseInstallations in Frameworks */ = {isa = PBXBuildFile; productRef = 8E7730A72BD8E57700EE1DA2 /* FirebaseInstallations */; };
		8E7730AA2BD8E57700EE1DA2 /* FirebaseMessaging in Frameworks */ = {isa = PBXBuildFile; productRef = 8E7730A92BD8E57700EE1DA2 /* FirebaseMessaging */; };
		8E7730AC2BD8E57700EE1DA2 /* FirebaseStorage in Frameworks */ = {isa = PBXBuildFile; productRef = 8E7730AB2BD8E57700EE1DA2 /* FirebaseStorage */; };
		8E7730AE2BD8E57700EE1DA2 /* FirebaseStorageCombine-Community in Frameworks */ = {isa = PBXBuildFile; productRef = 8E7730AD2BD8E57700EE1DA2 /* FirebaseStorageCombine-Community */; };
/* End PBXBuildFile section */

/* Begin PBXFileReference section */
		1F9CDB872BD9089800567647 /* AddDoctorsViewModel.swift */ = {isa = PBXFileReference; fileEncoding = 4; lastKnownFileType = sourcecode.swift; path = AddDoctorsViewModel.swift; sourceTree = "<group>"; };
		1F9CDB892BD908A200567647 /* AddDoctorView.swift */ = {isa = PBXFileReference; fileEncoding = 4; lastKnownFileType = sourcecode.swift; path = AddDoctorView.swift; sourceTree = "<group>"; };
		7FCD22C02BD8D3DC006DA51A /* AuthenticationViewModel.swift */ = {isa = PBXFileReference; lastKnownFileType = sourcecode.swift; path = AuthenticationViewModel.swift; sourceTree = "<group>"; };
		7FCD22C22BD8D43F006DA51A /* AuthenticationView.swift */ = {isa = PBXFileReference; lastKnownFileType = sourcecode.swift; path = AuthenticationView.swift; sourceTree = "<group>"; };
		7FCD22C42BD8D453006DA51A /* LoginView.swift */ = {isa = PBXFileReference; lastKnownFileType = sourcecode.swift; path = LoginView.swift; sourceTree = "<group>"; };
		7FCD22C62BD8D480006DA51A /* SignupView.swift */ = {isa = PBXFileReference; lastKnownFileType = sourcecode.swift; path = SignupView.swift; sourceTree = "<group>"; };
		7FCD22C82BD8D4CC006DA51A /* AdminView.swift */ = {isa = PBXFileReference; lastKnownFileType = sourcecode.swift; path = AdminView.swift; sourceTree = "<group>"; };
		7FCD22CA2BD8D4E5006DA51A /* DoctorView.swift */ = {isa = PBXFileReference; lastKnownFileType = sourcecode.swift; path = DoctorView.swift; sourceTree = "<group>"; };
		7FCD22CC2BD8D51C006DA51A /* UserProfileView.swift */ = {isa = PBXFileReference; lastKnownFileType = sourcecode.swift; path = UserProfileView.swift; sourceTree = "<group>"; };
		7FCD22CE2BD8D540006DA51A /* AuthenticatedView.swift */ = {isa = PBXFileReference; lastKnownFileType = sourcecode.swift; path = AuthenticatedView.swift; sourceTree = "<group>"; };
		7FCD22D02BD8D58F006DA51A /* FavoriteNumberView.swift */ = {isa = PBXFileReference; lastKnownFileType = sourcecode.swift; path = FavoriteNumberView.swift; sourceTree = "<group>"; };
		86A6B2E62BD63BC8005DC851 /* hms.app */ = {isa = PBXFileReference; explicitFileType = wrapper.application; includeInIndex = 0; path = hms.app; sourceTree = BUILT_PRODUCTS_DIR; };
		86A6B2E92BD63BC8005DC851 /* hmsApp.swift */ = {isa = PBXFileReference; lastKnownFileType = sourcecode.swift; path = hmsApp.swift; sourceTree = "<group>"; };
		86A6B2EB2BD63BC8005DC851 /* ContentView.swift */ = {isa = PBXFileReference; lastKnownFileType = sourcecode.swift; path = ContentView.swift; sourceTree = "<group>"; };
		86A6B2ED2BD63BC9005DC851 /* Assets.xcassets */ = {isa = PBXFileReference; lastKnownFileType = folder.assetcatalog; path = Assets.xcassets; sourceTree = "<group>"; };
		86A6B2F02BD63BC9005DC851 /* Preview Assets.xcassets */ = {isa = PBXFileReference; lastKnownFileType = folder.assetcatalog; path = "Preview Assets.xcassets"; sourceTree = "<group>"; };
		86A6B3302BD63D36005DC851 /* GoogleService-Info.plist */ = {isa = PBXFileReference; fileEncoding = 4; lastKnownFileType = text.plist.xml; path = "GoogleService-Info.plist"; sourceTree = "<group>"; };
		86A6B3322BD63D7B005DC851 /* Doctors.swift */ = {isa = PBXFileReference; fileEncoding = 4; lastKnownFileType = sourcecode.swift; path = Doctors.swift; sourceTree = "<group>"; };
		86A6B3342BD63DAD005DC851 /* DoctorsViewModel.swift */ = {isa = PBXFileReference; fileEncoding = 4; lastKnownFileType = sourcecode.swift; path = DoctorsViewModel.swift; sourceTree = "<group>"; };
		86A6B33D2BD7A8BB005DC851 /* DoctorListView.swift */ = {isa = PBXFileReference; lastKnownFileType = sourcecode.swift; path = DoctorListView.swift; sourceTree = "<group>"; };
		86A6B33F2BD7A8DB005DC851 /* PatientHomeView.swift */ = {isa = PBXFileReference; lastKnownFileType = sourcecode.swift; path = PatientHomeView.swift; sourceTree = "<group>"; };
		86A6B3432BD7AE39005DC851 /* AppointmentCardView.swift */ = {isa = PBXFileReference; lastKnownFileType = sourcecode.swift; path = AppointmentCardView.swift; sourceTree = "<group>"; };
		86A6B3472BD7DBC6005DC851 /* BookAppointmentView.swift */ = {isa = PBXFileReference; lastKnownFileType = sourcecode.swift; path = BookAppointmentView.swift; sourceTree = "<group>"; };
		8E7730762BD6BFC800EE1DA2 /* DateCalendarView.swift */ = {isa = PBXFileReference; lastKnownFileType = sourcecode.swift; path = DateCalendarView.swift; sourceTree = "<group>"; };
		8E7730842BD7C95800EE1DA2 /* PrescriptionForm.swift */ = {isa = PBXFileReference; lastKnownFileType = sourcecode.swift; path = PrescriptionForm.swift; sourceTree = "<group>"; };
/* End PBXFileReference section */

/* Begin PBXFrameworksBuildPhase section */
		86A6B2E32BD63BC8005DC851 /* Frameworks */ = {
			isa = PBXFrameworksBuildPhase;
			buildActionMask = 2147483647;
			files = (
				8E7730AA2BD8E57700EE1DA2 /* FirebaseMessaging in Frameworks */,
				8E77308C2BD8E57700EE1DA2 /* FirebaseAnalyticsSwift in Frameworks */,
				8E7730AE2BD8E57700EE1DA2 /* FirebaseStorageCombine-Community in Frameworks */,
				8E7730922BD8E57700EE1DA2 /* FirebaseAuth in Frameworks */,
				8E7730882BD8E57700EE1DA2 /* FirebaseAnalytics in Frameworks */,
				8E77309A2BD8E57700EE1DA2 /* FirebaseFirestore in Frameworks */,
				8E7730982BD8E57700EE1DA2 /* FirebaseDatabaseSwift in Frameworks */,
				8E77309C2BD8E57700EE1DA2 /* FirebaseFirestoreCombine-Community in Frameworks */,
				8E7730902BD8E57700EE1DA2 /* FirebaseAppDistribution-Beta in Frameworks */,
				8E7730A22BD8E57700EE1DA2 /* FirebaseFunctionsCombine-Community in Frameworks */,
				8E7730AC2BD8E57700EE1DA2 /* FirebaseStorage in Frameworks */,
				8E7730A82BD8E57700EE1DA2 /* FirebaseInstallations in Frameworks */,
				8E77308A2BD8E57700EE1DA2 /* FirebaseAnalyticsOnDeviceConversion in Frameworks */,
				8E7730942BD8E57700EE1DA2 /* FirebaseAuthCombine-Community in Frameworks */,
				8E7730A62BD8E57700EE1DA2 /* FirebaseInAppMessagingSwift-Beta in Frameworks */,
				8E7730A02BD8E57700EE1DA2 /* FirebaseFunctions in Frameworks */,
				8E7730962BD8E57700EE1DA2 /* FirebaseDatabase in Frameworks */,
				8E77308E2BD8E57700EE1DA2 /* FirebaseAnalyticsWithoutAdIdSupport in Frameworks */,
				8E77309E2BD8E57700EE1DA2 /* FirebaseFirestoreSwift in Frameworks */,
				8E7730A42BD8E57700EE1DA2 /* FirebaseInAppMessaging-Beta in Frameworks */,
			);
			runOnlyForDeploymentPostprocessing = 0;
		};
/* End PBXFrameworksBuildPhase section */

/* Begin PBXGroup section */
		7FCD22BF2BD8D34E006DA51A /* Auth */ = {
			isa = PBXGroup;
			children = (
				7FCD22C02BD8D3DC006DA51A /* AuthenticationViewModel.swift */,
				7FCD22C22BD8D43F006DA51A /* AuthenticationView.swift */,
				7FCD22CE2BD8D540006DA51A /* AuthenticatedView.swift */,
				7FCD22C42BD8D453006DA51A /* LoginView.swift */,
				7FCD22C62BD8D480006DA51A /* SignupView.swift */,
				7FCD22C82BD8D4CC006DA51A /* AdminView.swift */,
				7FCD22CA2BD8D4E5006DA51A /* DoctorView.swift */,
				7FCD22CC2BD8D51C006DA51A /* UserProfileView.swift */,
				7FCD22D02BD8D58F006DA51A /* FavoriteNumberView.swift */,
			);
			path = Auth;
			sourceTree = "<group>";
		};
		86A6B2DD2BD63BC8005DC851 = {
			isa = PBXGroup;
			children = (
				86A6B2E82BD63BC8005DC851 /* hms */,
				86A6B2E72BD63BC8005DC851 /* Products */,
			);
			sourceTree = "<group>";
		};
		86A6B2E72BD63BC8005DC851 /* Products */ = {
			isa = PBXGroup;
			children = (
				86A6B2E62BD63BC8005DC851 /* hms.app */,
			);
			name = Products;
			sourceTree = "<group>";
		};
		86A6B2E82BD63BC8005DC851 /* hms */ = {
			isa = PBXGroup;
			children = (
				86A6B32D2BD63CB0005DC851 /* Others */,
				86A6B32C2BD63CA8005DC851 /* ViewModels */,
				86A6B32B2BD63CA0005DC851 /* Models */,
				86A6B32A2BD63C9A005DC851 /* Views */,
				86A6B2EF2BD63BC9005DC851 /* Preview Content */,
			);
			path = hms;
			sourceTree = "<group>";
		};
		86A6B2EF2BD63BC9005DC851 /* Preview Content */ = {
			isa = PBXGroup;
			children = (
				86A6B2F02BD63BC9005DC851 /* Preview Assets.xcassets */,
			);
			path = "Preview Content";
			sourceTree = "<group>";
		};
		86A6B32A2BD63C9A005DC851 /* Views */ = {
			isa = PBXGroup;
			children = (
				86A6B2EB2BD63BC8005DC851 /* ContentView.swift */,
				8E7730762BD6BFC800EE1DA2 /* DateCalendarView.swift */,
				8E7730842BD7C95800EE1DA2 /* PrescriptionForm.swift */,
				86A6B33D2BD7A8BB005DC851 /* DoctorListView.swift */,
				1F9CDB892BD908A200567647 /* AddDoctorView.swift */,
				7FCD22BF2BD8D34E006DA51A /* Auth */,
				86A6B33F2BD7A8DB005DC851 /* PatientHomeView.swift */,
				86A6B3432BD7AE39005DC851 /* AppointmentCardView.swift */,
				86A6B3472BD7DBC6005DC851 /* BookAppointmentView.swift */,
			);
			path = Views;
			sourceTree = "<group>";
		};
		86A6B32B2BD63CA0005DC851 /* Models */ = {
			isa = PBXGroup;
			children = (
				86A6B3322BD63D7B005DC851 /* Doctors.swift */,
			);
			path = Models;
			sourceTree = "<group>";
		};
		86A6B32C2BD63CA8005DC851 /* ViewModels */ = {
			isa = PBXGroup;
			children = (
				1F9CDB872BD9089800567647 /* AddDoctorsViewModel.swift */,
				86A6B3342BD63DAD005DC851 /* DoctorsViewModel.swift */,
			);
			path = ViewModels;
			sourceTree = "<group>";
		};
		86A6B32D2BD63CB0005DC851 /* Others */ = {
			isa = PBXGroup;
			children = (
				86A6B2ED2BD63BC9005DC851 /* Assets.xcassets */,
				86A6B3302BD63D36005DC851 /* GoogleService-Info.plist */,
				86A6B2E92BD63BC8005DC851 /* hmsApp.swift */,
			);
			path = Others;
			sourceTree = "<group>";
		};
/* End PBXGroup section */

/* Begin PBXNativeTarget section */
		86A6B2E52BD63BC8005DC851 /* hms */ = {
			isa = PBXNativeTarget;
			buildConfigurationList = 86A6B2F42BD63BC9005DC851 /* Build configuration list for PBXNativeTarget "hms" */;
			buildPhases = (
				86A6B2E22BD63BC8005DC851 /* Sources */,
				86A6B2E32BD63BC8005DC851 /* Frameworks */,
				86A6B2E42BD63BC8005DC851 /* Resources */,
			);
			buildRules = (
			);
			dependencies = (
			);
			name = hms;
			packageProductDependencies = (
				8E7730872BD8E57700EE1DA2 /* FirebaseAnalytics */,
				8E7730892BD8E57700EE1DA2 /* FirebaseAnalyticsOnDeviceConversion */,
				8E77308B2BD8E57700EE1DA2 /* FirebaseAnalyticsSwift */,
				8E77308D2BD8E57700EE1DA2 /* FirebaseAnalyticsWithoutAdIdSupport */,
				8E77308F2BD8E57700EE1DA2 /* FirebaseAppDistribution-Beta */,
				8E7730912BD8E57700EE1DA2 /* FirebaseAuth */,
				8E7730932BD8E57700EE1DA2 /* FirebaseAuthCombine-Community */,
				8E7730952BD8E57700EE1DA2 /* FirebaseDatabase */,
				8E7730972BD8E57700EE1DA2 /* FirebaseDatabaseSwift */,
				8E7730992BD8E57700EE1DA2 /* FirebaseFirestore */,
				8E77309B2BD8E57700EE1DA2 /* FirebaseFirestoreCombine-Community */,
				8E77309D2BD8E57700EE1DA2 /* FirebaseFirestoreSwift */,
				8E77309F2BD8E57700EE1DA2 /* FirebaseFunctions */,
				8E7730A12BD8E57700EE1DA2 /* FirebaseFunctionsCombine-Community */,
				8E7730A32BD8E57700EE1DA2 /* FirebaseInAppMessaging-Beta */,
				8E7730A52BD8E57700EE1DA2 /* FirebaseInAppMessagingSwift-Beta */,
				8E7730A72BD8E57700EE1DA2 /* FirebaseInstallations */,
				8E7730A92BD8E57700EE1DA2 /* FirebaseMessaging */,
				8E7730AB2BD8E57700EE1DA2 /* FirebaseStorage */,
				8E7730AD2BD8E57700EE1DA2 /* FirebaseStorageCombine-Community */,
			);
			productName = hms;
			productReference = 86A6B2E62BD63BC8005DC851 /* hms.app */;
			productType = "com.apple.product-type.application";
		};
/* End PBXNativeTarget section */

/* Begin PBXProject section */
		86A6B2DE2BD63BC8005DC851 /* Project object */ = {
			isa = PBXProject;
			attributes = {
				BuildIndependentTargetsInParallel = 1;
				LastSwiftUpdateCheck = 1520;
				LastUpgradeCheck = 1520;
				TargetAttributes = {
					86A6B2E52BD63BC8005DC851 = {
						CreatedOnToolsVersion = 15.2;
					};
				};
			};
			buildConfigurationList = 86A6B2E12BD63BC8005DC851 /* Build configuration list for PBXProject "hms" */;
			compatibilityVersion = "Xcode 14.0";
			developmentRegion = en;
			hasScannedForEncodings = 0;
			knownRegions = (
				en,
				Base,
			);
			mainGroup = 86A6B2DD2BD63BC8005DC851;
			packageReferences = (
				8E7730862BD8E57700EE1DA2 /* XCRemoteSwiftPackageReference "firebase-ios-sdk" */,
			);
			productRefGroup = 86A6B2E72BD63BC8005DC851 /* Products */;
			projectDirPath = "";
			projectRoot = "";
			targets = (
				86A6B2E52BD63BC8005DC851 /* hms */,
			);
		};
/* End PBXProject section */

/* Begin PBXResourcesBuildPhase section */
		86A6B2E42BD63BC8005DC851 /* Resources */ = {
			isa = PBXResourcesBuildPhase;
			buildActionMask = 2147483647;
			files = (
				86A6B2F12BD63BC9005DC851 /* Preview Assets.xcassets in Resources */,
				86A6B2EE2BD63BC9005DC851 /* Assets.xcassets in Resources */,
				86A6B3312BD63D36005DC851 /* GoogleService-Info.plist in Resources */,
			);
			runOnlyForDeploymentPostprocessing = 0;
		};
/* End PBXResourcesBuildPhase section */

/* Begin PBXSourcesBuildPhase section */
		86A6B2E22BD63BC8005DC851 /* Sources */ = {
			isa = PBXSourcesBuildPhase;
			buildActionMask = 2147483647;
			files = (
				7FCD22C72BD8D480006DA51A /* SignupView.swift in Sources */,
				7FCD22CB2BD8D4E5006DA51A /* DoctorView.swift in Sources */,
				86A6B3442BD7AE39005DC851 /* AppointmentCardView.swift in Sources */,
				8E7730772BD6BFC800EE1DA2 /* DateCalendarView.swift in Sources */,
				7FCD22CF2BD8D540006DA51A /* AuthenticatedView.swift in Sources */,
				7FCD22C32BD8D43F006DA51A /* AuthenticationView.swift in Sources */,
				86A6B3482BD7DBC6005DC851 /* BookAppointmentView.swift in Sources */,
				1F9CDB882BD9089800567647 /* AddDoctorsViewModel.swift in Sources */,
				86A6B33E2BD7A8BB005DC851 /* DoctorListView.swift in Sources */,
				7FCD22C12BD8D3DC006DA51A /* AuthenticationViewModel.swift in Sources */,
				86A6B2EC2BD63BC8005DC851 /* ContentView.swift in Sources */,
				1F9CDB8A2BD908A200567647 /* AddDoctorView.swift in Sources */,
				86A6B3332BD63D7B005DC851 /* Doctors.swift in Sources */,
				7FCD22CD2BD8D51C006DA51A /* UserProfileView.swift in Sources */,
				86A6B2EA2BD63BC8005DC851 /* hmsApp.swift in Sources */,
				86A6B3402BD7A8DB005DC851 /* PatientHomeView.swift in Sources */,
				7FCD22C52BD8D453006DA51A /* LoginView.swift in Sources */,
				7FCD22D12BD8D58F006DA51A /* FavoriteNumberView.swift in Sources */,
				86A6B3352BD63DAD005DC851 /* DoctorsViewModel.swift in Sources */,
				8E7730852BD7C95800EE1DA2 /* PrescriptionForm.swift in Sources */,
				7FCD22C92BD8D4CC006DA51A /* AdminView.swift in Sources */,
			);
			runOnlyForDeploymentPostprocessing = 0;
		};
/* End PBXSourcesBuildPhase section */

/* Begin XCBuildConfiguration section */
		86A6B2F22BD63BC9005DC851 /* Debug */ = {
			isa = XCBuildConfiguration;
			buildSettings = {
				ALWAYS_SEARCH_USER_PATHS = NO;
				ASSETCATALOG_COMPILER_GENERATE_SWIFT_ASSET_SYMBOL_EXTENSIONS = YES;
				CLANG_ANALYZER_NONNULL = YES;
				CLANG_ANALYZER_NUMBER_OBJECT_CONVERSION = YES_AGGRESSIVE;
				CLANG_CXX_LANGUAGE_STANDARD = "gnu++20";
				CLANG_ENABLE_MODULES = YES;
				CLANG_ENABLE_OBJC_ARC = YES;
				CLANG_ENABLE_OBJC_WEAK = YES;
				CLANG_WARN_BLOCK_CAPTURE_AUTORELEASING = YES;
				CLANG_WARN_BOOL_CONVERSION = YES;
				CLANG_WARN_COMMA = YES;
				CLANG_WARN_CONSTANT_CONVERSION = YES;
				CLANG_WARN_DEPRECATED_OBJC_IMPLEMENTATIONS = YES;
				CLANG_WARN_DIRECT_OBJC_ISA_USAGE = YES_ERROR;
				CLANG_WARN_DOCUMENTATION_COMMENTS = YES;
				CLANG_WARN_EMPTY_BODY = YES;
				CLANG_WARN_ENUM_CONVERSION = YES;
				CLANG_WARN_INFINITE_RECURSION = YES;
				CLANG_WARN_INT_CONVERSION = YES;
				CLANG_WARN_NON_LITERAL_NULL_CONVERSION = YES;
				CLANG_WARN_OBJC_IMPLICIT_RETAIN_SELF = YES;
				CLANG_WARN_OBJC_LITERAL_CONVERSION = YES;
				CLANG_WARN_OBJC_ROOT_CLASS = YES_ERROR;
				CLANG_WARN_QUOTED_INCLUDE_IN_FRAMEWORK_HEADER = YES;
				CLANG_WARN_RANGE_LOOP_ANALYSIS = YES;
				CLANG_WARN_STRICT_PROTOTYPES = YES;
				CLANG_WARN_SUSPICIOUS_MOVE = YES;
				CLANG_WARN_UNGUARDED_AVAILABILITY = YES_AGGRESSIVE;
				CLANG_WARN_UNREACHABLE_CODE = YES;
				CLANG_WARN__DUPLICATE_METHOD_MATCH = YES;
				COPY_PHASE_STRIP = NO;
				DEBUG_INFORMATION_FORMAT = dwarf;
				ENABLE_STRICT_OBJC_MSGSEND = YES;
				ENABLE_TESTABILITY = YES;
				ENABLE_USER_SCRIPT_SANDBOXING = YES;
				GCC_C_LANGUAGE_STANDARD = gnu17;
				GCC_DYNAMIC_NO_PIC = NO;
				GCC_NO_COMMON_BLOCKS = YES;
				GCC_OPTIMIZATION_LEVEL = 0;
				GCC_PREPROCESSOR_DEFINITIONS = (
					"DEBUG=1",
					"$(inherited)",
				);
				GCC_WARN_64_TO_32_BIT_CONVERSION = YES;
				GCC_WARN_ABOUT_RETURN_TYPE = YES_ERROR;
				GCC_WARN_UNDECLARED_SELECTOR = YES;
				GCC_WARN_UNINITIALIZED_AUTOS = YES_AGGRESSIVE;
				GCC_WARN_UNUSED_FUNCTION = YES;
				GCC_WARN_UNUSED_VARIABLE = YES;
				IPHONEOS_DEPLOYMENT_TARGET = 17.2;
				LOCALIZATION_PREFERS_STRING_CATALOGS = YES;
				MTL_ENABLE_DEBUG_INFO = INCLUDE_SOURCE;
				MTL_FAST_MATH = YES;
				ONLY_ACTIVE_ARCH = YES;
				SDKROOT = iphoneos;
				SWIFT_ACTIVE_COMPILATION_CONDITIONS = "DEBUG $(inherited)";
				SWIFT_OPTIMIZATION_LEVEL = "-Onone";
			};
			name = Debug;
		};
		86A6B2F32BD63BC9005DC851 /* Release */ = {
			isa = XCBuildConfiguration;
			buildSettings = {
				ALWAYS_SEARCH_USER_PATHS = NO;
				ASSETCATALOG_COMPILER_GENERATE_SWIFT_ASSET_SYMBOL_EXTENSIONS = YES;
				CLANG_ANALYZER_NONNULL = YES;
				CLANG_ANALYZER_NUMBER_OBJECT_CONVERSION = YES_AGGRESSIVE;
				CLANG_CXX_LANGUAGE_STANDARD = "gnu++20";
				CLANG_ENABLE_MODULES = YES;
				CLANG_ENABLE_OBJC_ARC = YES;
				CLANG_ENABLE_OBJC_WEAK = YES;
				CLANG_WARN_BLOCK_CAPTURE_AUTORELEASING = YES;
				CLANG_WARN_BOOL_CONVERSION = YES;
				CLANG_WARN_COMMA = YES;
				CLANG_WARN_CONSTANT_CONVERSION = YES;
				CLANG_WARN_DEPRECATED_OBJC_IMPLEMENTATIONS = YES;
				CLANG_WARN_DIRECT_OBJC_ISA_USAGE = YES_ERROR;
				CLANG_WARN_DOCUMENTATION_COMMENTS = YES;
				CLANG_WARN_EMPTY_BODY = YES;
				CLANG_WARN_ENUM_CONVERSION = YES;
				CLANG_WARN_INFINITE_RECURSION = YES;
				CLANG_WARN_INT_CONVERSION = YES;
				CLANG_WARN_NON_LITERAL_NULL_CONVERSION = YES;
				CLANG_WARN_OBJC_IMPLICIT_RETAIN_SELF = YES;
				CLANG_WARN_OBJC_LITERAL_CONVERSION = YES;
				CLANG_WARN_OBJC_ROOT_CLASS = YES_ERROR;
				CLANG_WARN_QUOTED_INCLUDE_IN_FRAMEWORK_HEADER = YES;
				CLANG_WARN_RANGE_LOOP_ANALYSIS = YES;
				CLANG_WARN_STRICT_PROTOTYPES = YES;
				CLANG_WARN_SUSPICIOUS_MOVE = YES;
				CLANG_WARN_UNGUARDED_AVAILABILITY = YES_AGGRESSIVE;
				CLANG_WARN_UNREACHABLE_CODE = YES;
				CLANG_WARN__DUPLICATE_METHOD_MATCH = YES;
				COPY_PHASE_STRIP = NO;
				DEBUG_INFORMATION_FORMAT = "dwarf-with-dsym";
				ENABLE_NS_ASSERTIONS = NO;
				ENABLE_STRICT_OBJC_MSGSEND = YES;
				ENABLE_USER_SCRIPT_SANDBOXING = YES;
				GCC_C_LANGUAGE_STANDARD = gnu17;
				GCC_NO_COMMON_BLOCKS = YES;
				GCC_WARN_64_TO_32_BIT_CONVERSION = YES;
				GCC_WARN_ABOUT_RETURN_TYPE = YES_ERROR;
				GCC_WARN_UNDECLARED_SELECTOR = YES;
				GCC_WARN_UNINITIALIZED_AUTOS = YES_AGGRESSIVE;
				GCC_WARN_UNUSED_FUNCTION = YES;
				GCC_WARN_UNUSED_VARIABLE = YES;
				IPHONEOS_DEPLOYMENT_TARGET = 17.2;
				LOCALIZATION_PREFERS_STRING_CATALOGS = YES;
				MTL_ENABLE_DEBUG_INFO = NO;
				MTL_FAST_MATH = YES;
				SDKROOT = iphoneos;
				SWIFT_COMPILATION_MODE = wholemodule;
				VALIDATE_PRODUCT = YES;
			};
			name = Release;
		};
		86A6B2F52BD63BC9005DC851 /* Debug */ = {
			isa = XCBuildConfiguration;
			buildSettings = {
				ASSETCATALOG_COMPILER_APPICON_NAME = AppIcon;
				ASSETCATALOG_COMPILER_GLOBAL_ACCENT_COLOR_NAME = AccentColor;
				CODE_SIGN_STYLE = Automatic;
				CURRENT_PROJECT_VERSION = 1;
				DEVELOPMENT_ASSET_PATHS = "\"hms/Preview Content\"";
				ENABLE_PREVIEWS = YES;
				GENERATE_INFOPLIST_FILE = YES;
				INFOPLIST_KEY_UIApplicationSceneManifest_Generation = YES;
				INFOPLIST_KEY_UIApplicationSupportsIndirectInputEvents = YES;
				INFOPLIST_KEY_UILaunchScreen_Generation = YES;
				INFOPLIST_KEY_UISupportedInterfaceOrientations_iPad = "UIInterfaceOrientationPortrait UIInterfaceOrientationPortraitUpsideDown UIInterfaceOrientationLandscapeLeft UIInterfaceOrientationLandscapeRight";
				INFOPLIST_KEY_UISupportedInterfaceOrientations_iPhone = "UIInterfaceOrientationPortrait UIInterfaceOrientationLandscapeLeft UIInterfaceOrientationLandscapeRight";
				LD_RUNPATH_SEARCH_PATHS = (
					"$(inherited)",
					"@executable_path/Frameworks",
				);
				MARKETING_VERSION = 1.0;
				PRODUCT_BUNDLE_IDENTIFIER = "HMS-Team-5.hms";
				PRODUCT_NAME = "$(TARGET_NAME)";
				SWIFT_EMIT_LOC_STRINGS = YES;
				SWIFT_VERSION = 5.0;
				TARGETED_DEVICE_FAMILY = "1,2";
			};
			name = Debug;
		};
		86A6B2F62BD63BC9005DC851 /* Release */ = {
			isa = XCBuildConfiguration;
			buildSettings = {
				ASSETCATALOG_COMPILER_APPICON_NAME = AppIcon;
				ASSETCATALOG_COMPILER_GLOBAL_ACCENT_COLOR_NAME = AccentColor;
				CODE_SIGN_STYLE = Automatic;
				CURRENT_PROJECT_VERSION = 1;
				DEVELOPMENT_ASSET_PATHS = "\"hms/Preview Content\"";
				ENABLE_PREVIEWS = YES;
				GENERATE_INFOPLIST_FILE = YES;
				INFOPLIST_KEY_UIApplicationSceneManifest_Generation = YES;
				INFOPLIST_KEY_UIApplicationSupportsIndirectInputEvents = YES;
				INFOPLIST_KEY_UILaunchScreen_Generation = YES;
				INFOPLIST_KEY_UISupportedInterfaceOrientations_iPad = "UIInterfaceOrientationPortrait UIInterfaceOrientationPortraitUpsideDown UIInterfaceOrientationLandscapeLeft UIInterfaceOrientationLandscapeRight";
				INFOPLIST_KEY_UISupportedInterfaceOrientations_iPhone = "UIInterfaceOrientationPortrait UIInterfaceOrientationLandscapeLeft UIInterfaceOrientationLandscapeRight";
				LD_RUNPATH_SEARCH_PATHS = (
					"$(inherited)",
					"@executable_path/Frameworks",
				);
				MARKETING_VERSION = 1.0;
				PRODUCT_BUNDLE_IDENTIFIER = "HMS-Team-5.hms";
				PRODUCT_NAME = "$(TARGET_NAME)";
				SWIFT_EMIT_LOC_STRINGS = YES;
				SWIFT_VERSION = 5.0;
				TARGETED_DEVICE_FAMILY = "1,2";
			};
			name = Release;
		};
/* End XCBuildConfiguration section */

/* Begin XCConfigurationList section */
		86A6B2E12BD63BC8005DC851 /* Build configuration list for PBXProject "hms" */ = {
			isa = XCConfigurationList;
			buildConfigurations = (
				86A6B2F22BD63BC9005DC851 /* Debug */,
				86A6B2F32BD63BC9005DC851 /* Release */,
			);
			defaultConfigurationIsVisible = 0;
			defaultConfigurationName = Release;
		};
		86A6B2F42BD63BC9005DC851 /* Build configuration list for PBXNativeTarget "hms" */ = {
			isa = XCConfigurationList;
			buildConfigurations = (
				86A6B2F52BD63BC9005DC851 /* Debug */,
				86A6B2F62BD63BC9005DC851 /* Release */,
			);
			defaultConfigurationIsVisible = 0;
			defaultConfigurationName = Release;
		};
/* End XCConfigurationList section */

/* Begin XCRemoteSwiftPackageReference section */
		8E7730862BD8E57700EE1DA2 /* XCRemoteSwiftPackageReference "firebase-ios-sdk" */ = {
			isa = XCRemoteSwiftPackageReference;
			repositoryURL = "https://github.com/firebase/firebase-ios-sdk";
			requirement = {
				kind = upToNextMajorVersion;
				minimumVersion = 10.24.0;
			};
		};
/* End XCRemoteSwiftPackageReference section */

/* Begin XCSwiftPackageProductDependency section */
		8E7730872BD8E57700EE1DA2 /* FirebaseAnalytics */ = {
			isa = XCSwiftPackageProductDependency;
			package = 8E7730862BD8E57700EE1DA2 /* XCRemoteSwiftPackageReference "firebase-ios-sdk" */;
			productName = FirebaseAnalytics;
		};
		8E7730892BD8E57700EE1DA2 /* FirebaseAnalyticsOnDeviceConversion */ = {
			isa = XCSwiftPackageProductDependency;
			package = 8E7730862BD8E57700EE1DA2 /* XCRemoteSwiftPackageReference "firebase-ios-sdk" */;
			productName = FirebaseAnalyticsOnDeviceConversion;
		};
		8E77308B2BD8E57700EE1DA2 /* FirebaseAnalyticsSwift */ = {
			isa = XCSwiftPackageProductDependency;
			package = 8E7730862BD8E57700EE1DA2 /* XCRemoteSwiftPackageReference "firebase-ios-sdk" */;
			productName = FirebaseAnalyticsSwift;
		};
		8E77308D2BD8E57700EE1DA2 /* FirebaseAnalyticsWithoutAdIdSupport */ = {
			isa = XCSwiftPackageProductDependency;
			package = 8E7730862BD8E57700EE1DA2 /* XCRemoteSwiftPackageReference "firebase-ios-sdk" */;
			productName = FirebaseAnalyticsWithoutAdIdSupport;
		};
		8E77308F2BD8E57700EE1DA2 /* FirebaseAppDistribution-Beta */ = {
			isa = XCSwiftPackageProductDependency;
			package = 8E7730862BD8E57700EE1DA2 /* XCRemoteSwiftPackageReference "firebase-ios-sdk" */;
			productName = "FirebaseAppDistribution-Beta";
		};
		8E7730912BD8E57700EE1DA2 /* FirebaseAuth */ = {
			isa = XCSwiftPackageProductDependency;
			package = 8E7730862BD8E57700EE1DA2 /* XCRemoteSwiftPackageReference "firebase-ios-sdk" */;
			productName = FirebaseAuth;
		};
		8E7730932BD8E57700EE1DA2 /* FirebaseAuthCombine-Community */ = {
			isa = XCSwiftPackageProductDependency;
			package = 8E7730862BD8E57700EE1DA2 /* XCRemoteSwiftPackageReference "firebase-ios-sdk" */;
			productName = "FirebaseAuthCombine-Community";
		};
		8E7730952BD8E57700EE1DA2 /* FirebaseDatabase */ = {
			isa = XCSwiftPackageProductDependency;
			package = 8E7730862BD8E57700EE1DA2 /* XCRemoteSwiftPackageReference "firebase-ios-sdk" */;
			productName = FirebaseDatabase;
		};
		8E7730972BD8E57700EE1DA2 /* FirebaseDatabaseSwift */ = {
			isa = XCSwiftPackageProductDependency;
			package = 8E7730862BD8E57700EE1DA2 /* XCRemoteSwiftPackageReference "firebase-ios-sdk" */;
			productName = FirebaseDatabaseSwift;
		};
		8E7730992BD8E57700EE1DA2 /* FirebaseFirestore */ = {
			isa = XCSwiftPackageProductDependency;
			package = 8E7730862BD8E57700EE1DA2 /* XCRemoteSwiftPackageReference "firebase-ios-sdk" */;
			productName = FirebaseFirestore;
		};
		8E77309B2BD8E57700EE1DA2 /* FirebaseFirestoreCombine-Community */ = {
			isa = XCSwiftPackageProductDependency;
			package = 8E7730862BD8E57700EE1DA2 /* XCRemoteSwiftPackageReference "firebase-ios-sdk" */;
			productName = "FirebaseFirestoreCombine-Community";
		};
		8E77309D2BD8E57700EE1DA2 /* FirebaseFirestoreSwift */ = {
			isa = XCSwiftPackageProductDependency;
			package = 8E7730862BD8E57700EE1DA2 /* XCRemoteSwiftPackageReference "firebase-ios-sdk" */;
			productName = FirebaseFirestoreSwift;
		};
		8E77309F2BD8E57700EE1DA2 /* FirebaseFunctions */ = {
			isa = XCSwiftPackageProductDependency;
			package = 8E7730862BD8E57700EE1DA2 /* XCRemoteSwiftPackageReference "firebase-ios-sdk" */;
			productName = FirebaseFunctions;
		};
		8E7730A12BD8E57700EE1DA2 /* FirebaseFunctionsCombine-Community */ = {
			isa = XCSwiftPackageProductDependency;
			package = 8E7730862BD8E57700EE1DA2 /* XCRemoteSwiftPackageReference "firebase-ios-sdk" */;
			productName = "FirebaseFunctionsCombine-Community";
		};
		8E7730A32BD8E57700EE1DA2 /* FirebaseInAppMessaging-Beta */ = {
			isa = XCSwiftPackageProductDependency;
			package = 8E7730862BD8E57700EE1DA2 /* XCRemoteSwiftPackageReference "firebase-ios-sdk" */;
			productName = "FirebaseInAppMessaging-Beta";
		};
		8E7730A52BD8E57700EE1DA2 /* FirebaseInAppMessagingSwift-Beta */ = {
			isa = XCSwiftPackageProductDependency;
			package = 8E7730862BD8E57700EE1DA2 /* XCRemoteSwiftPackageReference "firebase-ios-sdk" */;
			productName = "FirebaseInAppMessagingSwift-Beta";
		};
		8E7730A72BD8E57700EE1DA2 /* FirebaseInstallations */ = {
			isa = XCSwiftPackageProductDependency;
			package = 8E7730862BD8E57700EE1DA2 /* XCRemoteSwiftPackageReference "firebase-ios-sdk" */;
			productName = FirebaseInstallations;
		};
		8E7730A92BD8E57700EE1DA2 /* FirebaseMessaging */ = {
			isa = XCSwiftPackageProductDependency;
			package = 8E7730862BD8E57700EE1DA2 /* XCRemoteSwiftPackageReference "firebase-ios-sdk" */;
			productName = FirebaseMessaging;
		};
		8E7730AB2BD8E57700EE1DA2 /* FirebaseStorage */ = {
			isa = XCSwiftPackageProductDependency;
			package = 8E7730862BD8E57700EE1DA2 /* XCRemoteSwiftPackageReference "firebase-ios-sdk" */;
			productName = FirebaseStorage;
		};
		8E7730AD2BD8E57700EE1DA2 /* FirebaseStorageCombine-Community */ = {
			isa = XCSwiftPackageProductDependency;
			package = 8E7730862BD8E57700EE1DA2 /* XCRemoteSwiftPackageReference "firebase-ios-sdk" */;
			productName = "FirebaseStorageCombine-Community";
		};
/* End XCSwiftPackageProductDependency section */
	};
	rootObject = 86A6B2DE2BD63BC8005DC851 /* Project object */;
}
