// !$*UTF8*$!
{
	archiveVersion = 1;
	classes = {
	};
	objectVersion = 56;
	objects = {

/* Begin PBXBuildFile section */
		86A6B2EA2BD63BC8005DC851 /* hmsApp.swift in Sources */ = {isa = PBXBuildFile; fileRef = 86A6B2E92BD63BC8005DC851 /* hmsApp.swift */; };
		86A6B2EC2BD63BC8005DC851 /* ContentView.swift in Sources */ = {isa = PBXBuildFile; fileRef = 86A6B2EB2BD63BC8005DC851 /* ContentView.swift */; };
		86A6B2EE2BD63BC9005DC851 /* Assets.xcassets in Resources */ = {isa = PBXBuildFile; fileRef = 86A6B2ED2BD63BC9005DC851 /* Assets.xcassets */; };
		86A6B2F12BD63BC9005DC851 /* Preview Assets.xcassets in Resources */ = {isa = PBXBuildFile; fileRef = 86A6B2F02BD63BC9005DC851 /* Preview Assets.xcassets */; };
		86A6B2F92BD63C3A005DC851 /* FirebaseAnalytics in Frameworks */ = {isa = PBXBuildFile; productRef = 86A6B2F82BD63C3A005DC851 /* FirebaseAnalytics */; };
		86A6B2FB2BD63C3A005DC851 /* FirebaseAnalyticsOnDeviceConversion in Frameworks */ = {isa = PBXBuildFile; productRef = 86A6B2FA2BD63C3A005DC851 /* FirebaseAnalyticsOnDeviceConversion */; };
		86A6B2FD2BD63C3A005DC851 /* FirebaseAnalyticsSwift in Frameworks */ = {isa = PBXBuildFile; productRef = 86A6B2FC2BD63C3A005DC851 /* FirebaseAnalyticsSwift */; };
		86A6B2FF2BD63C3A005DC851 /* FirebaseAnalyticsWithoutAdIdSupport in Frameworks */ = {isa = PBXBuildFile; productRef = 86A6B2FE2BD63C3A005DC851 /* FirebaseAnalyticsWithoutAdIdSupport */; };
		86A6B3012BD63C3A005DC851 /* FirebaseAppCheck in Frameworks */ = {isa = PBXBuildFile; productRef = 86A6B3002BD63C3A005DC851 /* FirebaseAppCheck */; };
		86A6B3032BD63C3A005DC851 /* FirebaseAppDistribution-Beta in Frameworks */ = {isa = PBXBuildFile; productRef = 86A6B3022BD63C3A005DC851 /* FirebaseAppDistribution-Beta */; };
		86A6B3052BD63C3A005DC851 /* FirebaseAuth in Frameworks */ = {isa = PBXBuildFile; productRef = 86A6B3042BD63C3A005DC851 /* FirebaseAuth */; };
		86A6B3072BD63C3A005DC851 /* FirebaseAuthCombine-Community in Frameworks */ = {isa = PBXBuildFile; productRef = 86A6B3062BD63C3A005DC851 /* FirebaseAuthCombine-Community */; };
		86A6B3092BD63C3A005DC851 /* FirebaseCrashlytics in Frameworks */ = {isa = PBXBuildFile; productRef = 86A6B3082BD63C3A005DC851 /* FirebaseCrashlytics */; };
		86A6B30B2BD63C3A005DC851 /* FirebaseDatabase in Frameworks */ = {isa = PBXBuildFile; productRef = 86A6B30A2BD63C3A005DC851 /* FirebaseDatabase */; };
		86A6B30D2BD63C3A005DC851 /* FirebaseDatabaseSwift in Frameworks */ = {isa = PBXBuildFile; productRef = 86A6B30C2BD63C3A005DC851 /* FirebaseDatabaseSwift */; };
		86A6B30F2BD63C3A005DC851 /* FirebaseDynamicLinks in Frameworks */ = {isa = PBXBuildFile; productRef = 86A6B30E2BD63C3A005DC851 /* FirebaseDynamicLinks */; };
		86A6B3112BD63C3A005DC851 /* FirebaseFirestore in Frameworks */ = {isa = PBXBuildFile; productRef = 86A6B3102BD63C3A005DC851 /* FirebaseFirestore */; };
		86A6B3132BD63C3A005DC851 /* FirebaseFirestoreCombine-Community in Frameworks */ = {isa = PBXBuildFile; productRef = 86A6B3122BD63C3A005DC851 /* FirebaseFirestoreCombine-Community */; };
		86A6B3152BD63C3A005DC851 /* FirebaseFirestoreSwift in Frameworks */ = {isa = PBXBuildFile; productRef = 86A6B3142BD63C3A005DC851 /* FirebaseFirestoreSwift */; };
		86A6B3172BD63C3A005DC851 /* FirebaseFunctions in Frameworks */ = {isa = PBXBuildFile; productRef = 86A6B3162BD63C3A005DC851 /* FirebaseFunctions */; };
		86A6B3192BD63C3A005DC851 /* FirebaseFunctionsCombine-Community in Frameworks */ = {isa = PBXBuildFile; productRef = 86A6B3182BD63C3A005DC851 /* FirebaseFunctionsCombine-Community */; };
		86A6B31B2BD63C3A005DC851 /* FirebaseInAppMessaging-Beta in Frameworks */ = {isa = PBXBuildFile; productRef = 86A6B31A2BD63C3A005DC851 /* FirebaseInAppMessaging-Beta */; };
		86A6B31D2BD63C3A005DC851 /* FirebaseInAppMessagingSwift-Beta in Frameworks */ = {isa = PBXBuildFile; productRef = 86A6B31C2BD63C3A005DC851 /* FirebaseInAppMessagingSwift-Beta */; };
		86A6B31F2BD63C3A005DC851 /* FirebaseInstallations in Frameworks */ = {isa = PBXBuildFile; productRef = 86A6B31E2BD63C3A005DC851 /* FirebaseInstallations */; };
		86A6B3212BD63C3A005DC851 /* FirebaseMLModelDownloader in Frameworks */ = {isa = PBXBuildFile; productRef = 86A6B3202BD63C3A005DC851 /* FirebaseMLModelDownloader */; };
		86A6B3232BD63C3A005DC851 /* FirebaseRemoteConfig in Frameworks */ = {isa = PBXBuildFile; productRef = 86A6B3222BD63C3A005DC851 /* FirebaseRemoteConfig */; };
		86A6B3252BD63C3A005DC851 /* FirebaseRemoteConfigSwift in Frameworks */ = {isa = PBXBuildFile; productRef = 86A6B3242BD63C3A005DC851 /* FirebaseRemoteConfigSwift */; };
		86A6B3272BD63C3A005DC851 /* FirebaseStorage in Frameworks */ = {isa = PBXBuildFile; productRef = 86A6B3262BD63C3A005DC851 /* FirebaseStorage */; };
		86A6B3292BD63C3A005DC851 /* FirebaseStorageCombine-Community in Frameworks */ = {isa = PBXBuildFile; productRef = 86A6B3282BD63C3A005DC851 /* FirebaseStorageCombine-Community */; };
		86A6B3312BD63D36005DC851 /* GoogleService-Info.plist in Resources */ = {isa = PBXBuildFile; fileRef = 86A6B3302BD63D36005DC851 /* GoogleService-Info.plist */; };
		86A6B3332BD63D7B005DC851 /* Doctors.swift in Sources */ = {isa = PBXBuildFile; fileRef = 86A6B3322BD63D7B005DC851 /* Doctors.swift */; };
		86A6B3352BD63DAD005DC851 /* DoctorsViewModel.swift in Sources */ = {isa = PBXBuildFile; fileRef = 86A6B3342BD63DAD005DC851 /* DoctorsViewModel.swift */; };
		86A6B33E2BD7A8BB005DC851 /* DoctorListView.swift in Sources */ = {isa = PBXBuildFile; fileRef = 86A6B33D2BD7A8BB005DC851 /* DoctorListView.swift */; };
		86A6B3402BD7A8DB005DC851 /* PatientHomeView.swift in Sources */ = {isa = PBXBuildFile; fileRef = 86A6B33F2BD7A8DB005DC851 /* PatientHomeView.swift */; };
		86A6B3442BD7AE39005DC851 /* AppointmentCardView.swift in Sources */ = {isa = PBXBuildFile; fileRef = 86A6B3432BD7AE39005DC851 /* AppointmentCardView.swift */; };
		86A6B3482BD7DBC6005DC851 /* BookAppointmentView.swift in Sources */ = {isa = PBXBuildFile; fileRef = 86A6B3472BD7DBC6005DC851 /* BookAppointmentView.swift */; };
		8E7730772BD6BFC800EE1DA2 /* DateCalendarView.swift in Sources */ = {isa = PBXBuildFile; fileRef = 8E7730762BD6BFC800EE1DA2 /* DateCalendarView.swift */; };
		8E7730852BD7C95800EE1DA2 /* PrescriptionForm.swift in Sources */ = {isa = PBXBuildFile; fileRef = 8E7730842BD7C95800EE1DA2 /* PrescriptionForm.swift */; };
/* End PBXBuildFile section */

/* Begin PBXFileReference section */
		86A6B2E62BD63BC8005DC851 /* hms.app */ = {isa = PBXFileReference; explicitFileType = wrapper.application; includeInIndex = 0; path = hms.app; sourceTree = BUILT_PRODUCTS_DIR; };
		86A6B2E92BD63BC8005DC851 /* hmsApp.swift */ = {isa = PBXFileReference; lastKnownFileType = sourcecode.swift; path = hmsApp.swift; sourceTree = "<group>"; };
		86A6B2EB2BD63BC8005DC851 /* ContentView.swift */ = {isa = PBXFileReference; lastKnownFileType = sourcecode.swift; path = ContentView.swift; sourceTree = "<group>"; };
		86A6B2ED2BD63BC9005DC851 /* Assets.xcassets */ = {isa = PBXFileReference; lastKnownFileType = folder.assetcatalog; path = Assets.xcassets; sourceTree = "<group>"; };
		86A6B2F02BD63BC9005DC851 /* Preview Assets.xcassets */ = {isa = PBXFileReference; lastKnownFileType = folder.assetcatalog; path = "Preview Assets.xcassets"; sourceTree = "<group>"; };
		86A6B3302BD63D36005DC851 /* GoogleService-Info.plist */ = {isa = PBXFileReference; fileEncoding = 4; lastKnownFileType = text.plist.xml; path = "GoogleService-Info.plist"; sourceTree = "<group>"; };
		86A6B3322BD63D7B005DC851 /* Doctors.swift */ = {isa = PBXFileReference; fileEncoding = 4; lastKnownFileType = sourcecode.swift; path = Doctors.swift; sourceTree = "<group>"; };
		86A6B3342BD63DAD005DC851 /* DoctorsViewModel.swift */ = {isa = PBXFileReference; fileEncoding = 4; lastKnownFileType = sourcecode.swift; path = DoctorsViewModel.swift; sourceTree = "<group>"; };
		86A6B33D2BD7A8BB005DC851 /* DoctorListView.swift */ = {isa = PBXFileReference; lastKnownFileType = sourcecode.swift; path = DoctorListView.swift; sourceTree = "<group>"; };
		86A6B33F2BD7A8DB005DC851 /* PatientHomeView.swift */ = {isa = PBXFileReference; lastKnownFileType = sourcecode.swift; path = PatientHomeView.swift; sourceTree = "<group>"; };
		86A6B3432BD7AE39005DC851 /* AppointmentCardView.swift */ = {isa = PBXFileReference; lastKnownFileType = sourcecode.swift; path = AppointmentCardView.swift; sourceTree = "<group>"; };
		86A6B3472BD7DBC6005DC851 /* BookAppointmentView.swift */ = {isa = PBXFileReference; lastKnownFileType = sourcecode.swift; path = BookAppointmentView.swift; sourceTree = "<group>"; };
		8E7730762BD6BFC800EE1DA2 /* DateCalendarView.swift */ = {isa = PBXFileReference; lastKnownFileType = sourcecode.swift; path = DateCalendarView.swift; sourceTree = "<group>"; };
		8E7730842BD7C95800EE1DA2 /* PrescriptionForm.swift */ = {isa = PBXFileReference; lastKnownFileType = sourcecode.swift; path = PrescriptionForm.swift; sourceTree = "<group>"; };
/* End PBXFileReference section */

/* Begin PBXFrameworksBuildPhase section */
		86A6B2E32BD63BC8005DC851 /* Frameworks */ = {
			isa = PBXFrameworksBuildPhase;
			buildActionMask = 2147483647;
			files = (
				86A6B30B2BD63C3A005DC851 /* FirebaseDatabase in Frameworks */,
				86A6B3192BD63C3A005DC851 /* FirebaseFunctionsCombine-Community in Frameworks */,
				86A6B3112BD63C3A005DC851 /* FirebaseFirestore in Frameworks */,
				86A6B2FD2BD63C3A005DC851 /* FirebaseAnalyticsSwift in Frameworks */,
				86A6B2F92BD63C3A005DC851 /* FirebaseAnalytics in Frameworks */,
				86A6B3272BD63C3A005DC851 /* FirebaseStorage in Frameworks */,
				86A6B2FB2BD63C3A005DC851 /* FirebaseAnalyticsOnDeviceConversion in Frameworks */,
				86A6B3212BD63C3A005DC851 /* FirebaseMLModelDownloader in Frameworks */,
				86A6B3152BD63C3A005DC851 /* FirebaseFirestoreSwift in Frameworks */,
				86A6B3012BD63C3A005DC851 /* FirebaseAppCheck in Frameworks */,
				86A6B2FF2BD63C3A005DC851 /* FirebaseAnalyticsWithoutAdIdSupport in Frameworks */,
				86A6B3052BD63C3A005DC851 /* FirebaseAuth in Frameworks */,
				86A6B3232BD63C3A005DC851 /* FirebaseRemoteConfig in Frameworks */,
				86A6B3092BD63C3A005DC851 /* FirebaseCrashlytics in Frameworks */,
				86A6B31B2BD63C3A005DC851 /* FirebaseInAppMessaging-Beta in Frameworks */,
				86A6B30D2BD63C3A005DC851 /* FirebaseDatabaseSwift in Frameworks */,
				86A6B3172BD63C3A005DC851 /* FirebaseFunctions in Frameworks */,
				86A6B3032BD63C3A005DC851 /* FirebaseAppDistribution-Beta in Frameworks */,
				86A6B3072BD63C3A005DC851 /* FirebaseAuthCombine-Community in Frameworks */,
				86A6B3252BD63C3A005DC851 /* FirebaseRemoteConfigSwift in Frameworks */,
				86A6B31D2BD63C3A005DC851 /* FirebaseInAppMessagingSwift-Beta in Frameworks */,
				86A6B30F2BD63C3A005DC851 /* FirebaseDynamicLinks in Frameworks */,
				86A6B3292BD63C3A005DC851 /* FirebaseStorageCombine-Community in Frameworks */,
				86A6B3132BD63C3A005DC851 /* FirebaseFirestoreCombine-Community in Frameworks */,
				86A6B31F2BD63C3A005DC851 /* FirebaseInstallations in Frameworks */,
			);
			runOnlyForDeploymentPostprocessing = 0;
		};
/* End PBXFrameworksBuildPhase section */

/* Begin PBXGroup section */
		86A6B2DD2BD63BC8005DC851 = {
			isa = PBXGroup;
			children = (
				86A6B2E82BD63BC8005DC851 /* hms */,
				86A6B2E72BD63BC8005DC851 /* Products */,
			);
			sourceTree = "<group>";
		};
		86A6B2E72BD63BC8005DC851 /* Products */ = {
			isa = PBXGroup;
			children = (
				86A6B2E62BD63BC8005DC851 /* hms.app */,
			);
			name = Products;
			sourceTree = "<group>";
		};
		86A6B2E82BD63BC8005DC851 /* hms */ = {
			isa = PBXGroup;
			children = (
				86A6B32D2BD63CB0005DC851 /* Others */,
				86A6B32C2BD63CA8005DC851 /* ViewModels */,
				86A6B32B2BD63CA0005DC851 /* Models */,
				86A6B32A2BD63C9A005DC851 /* Views */,
				86A6B2EF2BD63BC9005DC851 /* Preview Content */,
			);
			path = hms;
			sourceTree = "<group>";
		};
		86A6B2EF2BD63BC9005DC851 /* Preview Content */ = {
			isa = PBXGroup;
			children = (
				86A6B2F02BD63BC9005DC851 /* Preview Assets.xcassets */,
			);
			path = "Preview Content";
			sourceTree = "<group>";
		};
		86A6B32A2BD63C9A005DC851 /* Views */ = {
			isa = PBXGroup;
			children = (
				86A6B2EB2BD63BC8005DC851 /* ContentView.swift */,
				8E7730762BD6BFC800EE1DA2 /* DateCalendarView.swift */,
				8E7730842BD7C95800EE1DA2 /* PrescriptionForm.swift */,
				86A6B33D2BD7A8BB005DC851 /* DoctorListView.swift */,
				86A6B33F2BD7A8DB005DC851 /* PatientHomeView.swift */,
				86A6B3432BD7AE39005DC851 /* AppointmentCardView.swift */,
				86A6B3472BD7DBC6005DC851 /* BookAppointmentView.swift */,
			);
			path = Views;
			sourceTree = "<group>";
		};
		86A6B32B2BD63CA0005DC851 /* Models */ = {
			isa = PBXGroup;
			children = (
				86A6B3322BD63D7B005DC851 /* Doctors.swift */,
			);
			path = Models;
			sourceTree = "<group>";
		};
		86A6B32C2BD63CA8005DC851 /* ViewModels */ = {
			isa = PBXGroup;
			children = (
				86A6B3342BD63DAD005DC851 /* DoctorsViewModel.swift */,
			);
			path = ViewModels;
			sourceTree = "<group>";
		};
		86A6B32D2BD63CB0005DC851 /* Others */ = {
			isa = PBXGroup;
			children = (
				86A6B2ED2BD63BC9005DC851 /* Assets.xcassets */,
				86A6B3302BD63D36005DC851 /* GoogleService-Info.plist */,
				86A6B2E92BD63BC8005DC851 /* hmsApp.swift */,
			);
			path = Others;
			sourceTree = "<group>";
		};
/* End PBXGroup section */

/* Begin PBXNativeTarget section */
		86A6B2E52BD63BC8005DC851 /* hms */ = {
			isa = PBXNativeTarget;
			buildConfigurationList = 86A6B2F42BD63BC9005DC851 /* Build configuration list for PBXNativeTarget "hms" */;
			buildPhases = (
				86A6B2E22BD63BC8005DC851 /* Sources */,
				86A6B2E32BD63BC8005DC851 /* Frameworks */,
				86A6B2E42BD63BC8005DC851 /* Resources */,
			);
			buildRules = (
			);
			dependencies = (
			);
			name = hms;
			packageProductDependencies = (
				86A6B2F82BD63C3A005DC851 /* FirebaseAnalytics */,
				86A6B2FA2BD63C3A005DC851 /* FirebaseAnalyticsOnDeviceConversion */,
				86A6B2FC2BD63C3A005DC851 /* FirebaseAnalyticsSwift */,
				86A6B2FE2BD63C3A005DC851 /* FirebaseAnalyticsWithoutAdIdSupport */,
				86A6B3002BD63C3A005DC851 /* FirebaseAppCheck */,
				86A6B3022BD63C3A005DC851 /* FirebaseAppDistribution-Beta */,
				86A6B3042BD63C3A005DC851 /* FirebaseAuth */,
				86A6B3062BD63C3A005DC851 /* FirebaseAuthCombine-Community */,
				86A6B3082BD63C3A005DC851 /* FirebaseCrashlytics */,
				86A6B30A2BD63C3A005DC851 /* FirebaseDatabase */,
				86A6B30C2BD63C3A005DC851 /* FirebaseDatabaseSwift */,
				86A6B30E2BD63C3A005DC851 /* FirebaseDynamicLinks */,
				86A6B3102BD63C3A005DC851 /* FirebaseFirestore */,
				86A6B3122BD63C3A005DC851 /* FirebaseFirestoreCombine-Community */,
				86A6B3142BD63C3A005DC851 /* FirebaseFirestoreSwift */,
				86A6B3162BD63C3A005DC851 /* FirebaseFunctions */,
				86A6B3182BD63C3A005DC851 /* FirebaseFunctionsCombine-Community */,
				86A6B31A2BD63C3A005DC851 /* FirebaseInAppMessaging-Beta */,
				86A6B31C2BD63C3A005DC851 /* FirebaseInAppMessagingSwift-Beta */,
				86A6B31E2BD63C3A005DC851 /* FirebaseInstallations */,
				86A6B3202BD63C3A005DC851 /* FirebaseMLModelDownloader */,
				86A6B3222BD63C3A005DC851 /* FirebaseRemoteConfig */,
				86A6B3242BD63C3A005DC851 /* FirebaseRemoteConfigSwift */,
				86A6B3262BD63C3A005DC851 /* FirebaseStorage */,
				86A6B3282BD63C3A005DC851 /* FirebaseStorageCombine-Community */,
			);
			productName = hms;
			productReference = 86A6B2E62BD63BC8005DC851 /* hms.app */;
			productType = "com.apple.product-type.application";
		};
/* End PBXNativeTarget section */

/* Begin PBXProject section */
		86A6B2DE2BD63BC8005DC851 /* Project object */ = {
			isa = PBXProject;
			attributes = {
				BuildIndependentTargetsInParallel = 1;
				LastSwiftUpdateCheck = 1520;
				LastUpgradeCheck = 1520;
				TargetAttributes = {
					86A6B2E52BD63BC8005DC851 = {
						CreatedOnToolsVersion = 15.2;
					};
				};
			};
			buildConfigurationList = 86A6B2E12BD63BC8005DC851 /* Build configuration list for PBXProject "hms" */;
			compatibilityVersion = "Xcode 14.0";
			developmentRegion = en;
			hasScannedForEncodings = 0;
			knownRegions = (
				en,
				Base,
			);
			mainGroup = 86A6B2DD2BD63BC8005DC851;
			packageReferences = (
				86A6B2F72BD63C3A005DC851 /* XCRemoteSwiftPackageReference "firebase-ios-sdk" */,
			);
			productRefGroup = 86A6B2E72BD63BC8005DC851 /* Products */;
			projectDirPath = "";
			projectRoot = "";
			targets = (
				86A6B2E52BD63BC8005DC851 /* hms */,
			);
		};
/* End PBXProject section */

/* Begin PBXResourcesBuildPhase section */
		86A6B2E42BD63BC8005DC851 /* Resources */ = {
			isa = PBXResourcesBuildPhase;
			buildActionMask = 2147483647;
			files = (
				86A6B2F12BD63BC9005DC851 /* Preview Assets.xcassets in Resources */,
				86A6B2EE2BD63BC9005DC851 /* Assets.xcassets in Resources */,
				86A6B3312BD63D36005DC851 /* GoogleService-Info.plist in Resources */,
			);
			runOnlyForDeploymentPostprocessing = 0;
		};
/* End PBXResourcesBuildPhase section */

/* Begin PBXSourcesBuildPhase section */
		86A6B2E22BD63BC8005DC851 /* Sources */ = {
			isa = PBXSourcesBuildPhase;
			buildActionMask = 2147483647;
			files = (
				86A6B3442BD7AE39005DC851 /* AppointmentCardView.swift in Sources */,
				8E7730772BD6BFC800EE1DA2 /* DateCalendarView.swift in Sources */,
				86A6B3482BD7DBC6005DC851 /* BookAppointmentView.swift in Sources */,
				86A6B33E2BD7A8BB005DC851 /* DoctorListView.swift in Sources */,
				86A6B2EC2BD63BC8005DC851 /* ContentView.swift in Sources */,
				86A6B3332BD63D7B005DC851 /* Doctors.swift in Sources */,
				86A6B2EA2BD63BC8005DC851 /* hmsApp.swift in Sources */,
				86A6B3402BD7A8DB005DC851 /* PatientHomeView.swift in Sources */,
				86A6B3352BD63DAD005DC851 /* DoctorsViewModel.swift in Sources */,
				8E7730852BD7C95800EE1DA2 /* PrescriptionForm.swift in Sources */,
			);
			runOnlyForDeploymentPostprocessing = 0;
		};
/* End PBXSourcesBuildPhase section */

/* Begin XCBuildConfiguration section */
		86A6B2F22BD63BC9005DC851 /* Debug */ = {
			isa = XCBuildConfiguration;
			buildSettings = {
				ALWAYS_SEARCH_USER_PATHS = NO;
				ASSETCATALOG_COMPILER_GENERATE_SWIFT_ASSET_SYMBOL_EXTENSIONS = YES;
				CLANG_ANALYZER_NONNULL = YES;
				CLANG_ANALYZER_NUMBER_OBJECT_CONVERSION = YES_AGGRESSIVE;
				CLANG_CXX_LANGUAGE_STANDARD = "gnu++20";
				CLANG_ENABLE_MODULES = YES;
				CLANG_ENABLE_OBJC_ARC = YES;
				CLANG_ENABLE_OBJC_WEAK = YES;
				CLANG_WARN_BLOCK_CAPTURE_AUTORELEASING = YES;
				CLANG_WARN_BOOL_CONVERSION = YES;
				CLANG_WARN_COMMA = YES;
				CLANG_WARN_CONSTANT_CONVERSION = YES;
				CLANG_WARN_DEPRECATED_OBJC_IMPLEMENTATIONS = YES;
				CLANG_WARN_DIRECT_OBJC_ISA_USAGE = YES_ERROR;
				CLANG_WARN_DOCUMENTATION_COMMENTS = YES;
				CLANG_WARN_EMPTY_BODY = YES;
				CLANG_WARN_ENUM_CONVERSION = YES;
				CLANG_WARN_INFINITE_RECURSION = YES;
				CLANG_WARN_INT_CONVERSION = YES;
				CLANG_WARN_NON_LITERAL_NULL_CONVERSION = YES;
				CLANG_WARN_OBJC_IMPLICIT_RETAIN_SELF = YES;
				CLANG_WARN_OBJC_LITERAL_CONVERSION = YES;
				CLANG_WARN_OBJC_ROOT_CLASS = YES_ERROR;
				CLANG_WARN_QUOTED_INCLUDE_IN_FRAMEWORK_HEADER = YES;
				CLANG_WARN_RANGE_LOOP_ANALYSIS = YES;
				CLANG_WARN_STRICT_PROTOTYPES = YES;
				CLANG_WARN_SUSPICIOUS_MOVE = YES;
				CLANG_WARN_UNGUARDED_AVAILABILITY = YES_AGGRESSIVE;
				CLANG_WARN_UNREACHABLE_CODE = YES;
				CLANG_WARN__DUPLICATE_METHOD_MATCH = YES;
				COPY_PHASE_STRIP = NO;
				DEBUG_INFORMATION_FORMAT = dwarf;
				ENABLE_STRICT_OBJC_MSGSEND = YES;
				ENABLE_TESTABILITY = YES;
				ENABLE_USER_SCRIPT_SANDBOXING = YES;
				GCC_C_LANGUAGE_STANDARD = gnu17;
				GCC_DYNAMIC_NO_PIC = NO;
				GCC_NO_COMMON_BLOCKS = YES;
				GCC_OPTIMIZATION_LEVEL = 0;
				GCC_PREPROCESSOR_DEFINITIONS = (
					"DEBUG=1",
					"$(inherited)",
				);
				GCC_WARN_64_TO_32_BIT_CONVERSION = YES;
				GCC_WARN_ABOUT_RETURN_TYPE = YES_ERROR;
				GCC_WARN_UNDECLARED_SELECTOR = YES;
				GCC_WARN_UNINITIALIZED_AUTOS = YES_AGGRESSIVE;
				GCC_WARN_UNUSED_FUNCTION = YES;
				GCC_WARN_UNUSED_VARIABLE = YES;
				IPHONEOS_DEPLOYMENT_TARGET = 17.2;
				LOCALIZATION_PREFERS_STRING_CATALOGS = YES;
				MTL_ENABLE_DEBUG_INFO = INCLUDE_SOURCE;
				MTL_FAST_MATH = YES;
				ONLY_ACTIVE_ARCH = YES;
				SDKROOT = iphoneos;
				SWIFT_ACTIVE_COMPILATION_CONDITIONS = "DEBUG $(inherited)";
				SWIFT_OPTIMIZATION_LEVEL = "-Onone";
			};
			name = Debug;
		};
		86A6B2F32BD63BC9005DC851 /* Release */ = {
			isa = XCBuildConfiguration;
			buildSettings = {
				ALWAYS_SEARCH_USER_PATHS = NO;
				ASSETCATALOG_COMPILER_GENERATE_SWIFT_ASSET_SYMBOL_EXTENSIONS = YES;
				CLANG_ANALYZER_NONNULL = YES;
				CLANG_ANALYZER_NUMBER_OBJECT_CONVERSION = YES_AGGRESSIVE;
				CLANG_CXX_LANGUAGE_STANDARD = "gnu++20";
				CLANG_ENABLE_MODULES = YES;
				CLANG_ENABLE_OBJC_ARC = YES;
				CLANG_ENABLE_OBJC_WEAK = YES;
				CLANG_WARN_BLOCK_CAPTURE_AUTORELEASING = YES;
				CLANG_WARN_BOOL_CONVERSION = YES;
				CLANG_WARN_COMMA = YES;
				CLANG_WARN_CONSTANT_CONVERSION = YES;
				CLANG_WARN_DEPRECATED_OBJC_IMPLEMENTATIONS = YES;
				CLANG_WARN_DIRECT_OBJC_ISA_USAGE = YES_ERROR;
				CLANG_WARN_DOCUMENTATION_COMMENTS = YES;
				CLANG_WARN_EMPTY_BODY = YES;
				CLANG_WARN_ENUM_CONVERSION = YES;
				CLANG_WARN_INFINITE_RECURSION = YES;
				CLANG_WARN_INT_CONVERSION = YES;
				CLANG_WARN_NON_LITERAL_NULL_CONVERSION = YES;
				CLANG_WARN_OBJC_IMPLICIT_RETAIN_SELF = YES;
				CLANG_WARN_OBJC_LITERAL_CONVERSION = YES;
				CLANG_WARN_OBJC_ROOT_CLASS = YES_ERROR;
				CLANG_WARN_QUOTED_INCLUDE_IN_FRAMEWORK_HEADER = YES;
				CLANG_WARN_RANGE_LOOP_ANALYSIS = YES;
				CLANG_WARN_STRICT_PROTOTYPES = YES;
				CLANG_WARN_SUSPICIOUS_MOVE = YES;
				CLANG_WARN_UNGUARDED_AVAILABILITY = YES_AGGRESSIVE;
				CLANG_WARN_UNREACHABLE_CODE = YES;
				CLANG_WARN__DUPLICATE_METHOD_MATCH = YES;
				COPY_PHASE_STRIP = NO;
				DEBUG_INFORMATION_FORMAT = "dwarf-with-dsym";
				ENABLE_NS_ASSERTIONS = NO;
				ENABLE_STRICT_OBJC_MSGSEND = YES;
				ENABLE_USER_SCRIPT_SANDBOXING = YES;
				GCC_C_LANGUAGE_STANDARD = gnu17;
				GCC_NO_COMMON_BLOCKS = YES;
				GCC_WARN_64_TO_32_BIT_CONVERSION = YES;
				GCC_WARN_ABOUT_RETURN_TYPE = YES_ERROR;
				GCC_WARN_UNDECLARED_SELECTOR = YES;
				GCC_WARN_UNINITIALIZED_AUTOS = YES_AGGRESSIVE;
				GCC_WARN_UNUSED_FUNCTION = YES;
				GCC_WARN_UNUSED_VARIABLE = YES;
				IPHONEOS_DEPLOYMENT_TARGET = 17.2;
				LOCALIZATION_PREFERS_STRING_CATALOGS = YES;
				MTL_ENABLE_DEBUG_INFO = NO;
				MTL_FAST_MATH = YES;
				SDKROOT = iphoneos;
				SWIFT_COMPILATION_MODE = wholemodule;
				VALIDATE_PRODUCT = YES;
			};
			name = Release;
		};
		86A6B2F52BD63BC9005DC851 /* Debug */ = {
			isa = XCBuildConfiguration;
			buildSettings = {
				ASSETCATALOG_COMPILER_APPICON_NAME = AppIcon;
				ASSETCATALOG_COMPILER_GLOBAL_ACCENT_COLOR_NAME = AccentColor;
				CODE_SIGN_STYLE = Automatic;
				CURRENT_PROJECT_VERSION = 1;
				DEVELOPMENT_ASSET_PATHS = "\"hms/Preview Content\"";
				ENABLE_PREVIEWS = YES;
				GENERATE_INFOPLIST_FILE = YES;
				INFOPLIST_KEY_UIApplicationSceneManifest_Generation = YES;
				INFOPLIST_KEY_UIApplicationSupportsIndirectInputEvents = YES;
				INFOPLIST_KEY_UILaunchScreen_Generation = YES;
				INFOPLIST_KEY_UISupportedInterfaceOrientations_iPad = "UIInterfaceOrientationPortrait UIInterfaceOrientationPortraitUpsideDown UIInterfaceOrientationLandscapeLeft UIInterfaceOrientationLandscapeRight";
				INFOPLIST_KEY_UISupportedInterfaceOrientations_iPhone = "UIInterfaceOrientationPortrait UIInterfaceOrientationLandscapeLeft UIInterfaceOrientationLandscapeRight";
				LD_RUNPATH_SEARCH_PATHS = (
					"$(inherited)",
					"@executable_path/Frameworks",
				);
				MARKETING_VERSION = 1.0;
				PRODUCT_BUNDLE_IDENTIFIER = "HMS-Team-5.hms";
				PRODUCT_NAME = "$(TARGET_NAME)";
				SWIFT_EMIT_LOC_STRINGS = YES;
				SWIFT_VERSION = 5.0;
				TARGETED_DEVICE_FAMILY = "1,2";
			};
			name = Debug;
		};
		86A6B2F62BD63BC9005DC851 /* Release */ = {
			isa = XCBuildConfiguration;
			buildSettings = {
				ASSETCATALOG_COMPILER_APPICON_NAME = AppIcon;
				ASSETCATALOG_COMPILER_GLOBAL_ACCENT_COLOR_NAME = AccentColor;
				CODE_SIGN_STYLE = Automatic;
				CURRENT_PROJECT_VERSION = 1;
				DEVELOPMENT_ASSET_PATHS = "\"hms/Preview Content\"";
				ENABLE_PREVIEWS = YES;
				GENERATE_INFOPLIST_FILE = YES;
				INFOPLIST_KEY_UIApplicationSceneManifest_Generation = YES;
				INFOPLIST_KEY_UIApplicationSupportsIndirectInputEvents = YES;
				INFOPLIST_KEY_UILaunchScreen_Generation = YES;
				INFOPLIST_KEY_UISupportedInterfaceOrientations_iPad = "UIInterfaceOrientationPortrait UIInterfaceOrientationPortraitUpsideDown UIInterfaceOrientationLandscapeLeft UIInterfaceOrientationLandscapeRight";
				INFOPLIST_KEY_UISupportedInterfaceOrientations_iPhone = "UIInterfaceOrientationPortrait UIInterfaceOrientationLandscapeLeft UIInterfaceOrientationLandscapeRight";
				LD_RUNPATH_SEARCH_PATHS = (
					"$(inherited)",
					"@executable_path/Frameworks",
				);
				MARKETING_VERSION = 1.0;
				PRODUCT_BUNDLE_IDENTIFIER = "HMS-Team-5.hms";
				PRODUCT_NAME = "$(TARGET_NAME)";
				SWIFT_EMIT_LOC_STRINGS = YES;
				SWIFT_VERSION = 5.0;
				TARGETED_DEVICE_FAMILY = "1,2";
			};
			name = Release;
		};
/* End XCBuildConfiguration section */

/* Begin XCConfigurationList section */
		86A6B2E12BD63BC8005DC851 /* Build configuration list for PBXProject "hms" */ = {
			isa = XCConfigurationList;
			buildConfigurations = (
				86A6B2F22BD63BC9005DC851 /* Debug */,
				86A6B2F32BD63BC9005DC851 /* Release */,
			);
			defaultConfigurationIsVisible = 0;
			defaultConfigurationName = Release;
		};
		86A6B2F42BD63BC9005DC851 /* Build configuration list for PBXNativeTarget "hms" */ = {
			isa = XCConfigurationList;
			buildConfigurations = (
				86A6B2F52BD63BC9005DC851 /* Debug */,
				86A6B2F62BD63BC9005DC851 /* Release */,
			);
			defaultConfigurationIsVisible = 0;
			defaultConfigurationName = Release;
		};
/* End XCConfigurationList section */

/* Begin XCRemoteSwiftPackageReference section */
		86A6B2F72BD63C3A005DC851 /* XCRemoteSwiftPackageReference "firebase-ios-sdk" */ = {
			isa = XCRemoteSwiftPackageReference;
			repositoryURL = "https://github.com/firebase/firebase-ios-sdk";
			requirement = {
				kind = upToNextMajorVersion;
				minimumVersion = 10.24.0;
			};
		};
/* End XCRemoteSwiftPackageReference section */

/* Begin XCSwiftPackageProductDependency section */
		86A6B2F82BD63C3A005DC851 /* FirebaseAnalytics */ = {
			isa = XCSwiftPackageProductDependency;
			package = 86A6B2F72BD63C3A005DC851 /* XCRemoteSwiftPackageReference "firebase-ios-sdk" */;
			productName = FirebaseAnalytics;
		};
		86A6B2FA2BD63C3A005DC851 /* FirebaseAnalyticsOnDeviceConversion */ = {
			isa = XCSwiftPackageProductDependency;
			package = 86A6B2F72BD63C3A005DC851 /* XCRemoteSwiftPackageReference "firebase-ios-sdk" */;
			productName = FirebaseAnalyticsOnDeviceConversion;
		};
		86A6B2FC2BD63C3A005DC851 /* FirebaseAnalyticsSwift */ = {
			isa = XCSwiftPackageProductDependency;
			package = 86A6B2F72BD63C3A005DC851 /* XCRemoteSwiftPackageReference "firebase-ios-sdk" */;
			productName = FirebaseAnalyticsSwift;
		};
		86A6B2FE2BD63C3A005DC851 /* FirebaseAnalyticsWithoutAdIdSupport */ = {
			isa = XCSwiftPackageProductDependency;
			package = 86A6B2F72BD63C3A005DC851 /* XCRemoteSwiftPackageReference "firebase-ios-sdk" */;
			productName = FirebaseAnalyticsWithoutAdIdSupport;
		};
		86A6B3002BD63C3A005DC851 /* FirebaseAppCheck */ = {
			isa = XCSwiftPackageProductDependency;
			package = 86A6B2F72BD63C3A005DC851 /* XCRemoteSwiftPackageReference "firebase-ios-sdk" */;
			productName = FirebaseAppCheck;
		};
		86A6B3022BD63C3A005DC851 /* FirebaseAppDistribution-Beta */ = {
			isa = XCSwiftPackageProductDependency;
			package = 86A6B2F72BD63C3A005DC851 /* XCRemoteSwiftPackageReference "firebase-ios-sdk" */;
			productName = "FirebaseAppDistribution-Beta";
		};
		86A6B3042BD63C3A005DC851 /* FirebaseAuth */ = {
			isa = XCSwiftPackageProductDependency;
			package = 86A6B2F72BD63C3A005DC851 /* XCRemoteSwiftPackageReference "firebase-ios-sdk" */;
			productName = FirebaseAuth;
		};
		86A6B3062BD63C3A005DC851 /* FirebaseAuthCombine-Community */ = {
			isa = XCSwiftPackageProductDependency;
			package = 86A6B2F72BD63C3A005DC851 /* XCRemoteSwiftPackageReference "firebase-ios-sdk" */;
			productName = "FirebaseAuthCombine-Community";
		};
		86A6B3082BD63C3A005DC851 /* FirebaseCrashlytics */ = {
			isa = XCSwiftPackageProductDependency;
			package = 86A6B2F72BD63C3A005DC851 /* XCRemoteSwiftPackageReference "firebase-ios-sdk" */;
			productName = FirebaseCrashlytics;
		};
		86A6B30A2BD63C3A005DC851 /* FirebaseDatabase */ = {
			isa = XCSwiftPackageProductDependency;
			package = 86A6B2F72BD63C3A005DC851 /* XCRemoteSwiftPackageReference "firebase-ios-sdk" */;
			productName = FirebaseDatabase;
		};
		86A6B30C2BD63C3A005DC851 /* FirebaseDatabaseSwift */ = {
			isa = XCSwiftPackageProductDependency;
			package = 86A6B2F72BD63C3A005DC851 /* XCRemoteSwiftPackageReference "firebase-ios-sdk" */;
			productName = FirebaseDatabaseSwift;
		};
		86A6B30E2BD63C3A005DC851 /* FirebaseDynamicLinks */ = {
			isa = XCSwiftPackageProductDependency;
			package = 86A6B2F72BD63C3A005DC851 /* XCRemoteSwiftPackageReference "firebase-ios-sdk" */;
			productName = FirebaseDynamicLinks;
		};
		86A6B3102BD63C3A005DC851 /* FirebaseFirestore */ = {
			isa = XCSwiftPackageProductDependency;
			package = 86A6B2F72BD63C3A005DC851 /* XCRemoteSwiftPackageReference "firebase-ios-sdk" */;
			productName = FirebaseFirestore;
		};
		86A6B3122BD63C3A005DC851 /* FirebaseFirestoreCombine-Community */ = {
			isa = XCSwiftPackageProductDependency;
			package = 86A6B2F72BD63C3A005DC851 /* XCRemoteSwiftPackageReference "firebase-ios-sdk" */;
			productName = "FirebaseFirestoreCombine-Community";
		};
		86A6B3142BD63C3A005DC851 /* FirebaseFirestoreSwift */ = {
			isa = XCSwiftPackageProductDependency;
			package = 86A6B2F72BD63C3A005DC851 /* XCRemoteSwiftPackageReference "firebase-ios-sdk" */;
			productName = FirebaseFirestoreSwift;
		};
		86A6B3162BD63C3A005DC851 /* FirebaseFunctions */ = {
			isa = XCSwiftPackageProductDependency;
			package = 86A6B2F72BD63C3A005DC851 /* XCRemoteSwiftPackageReference "firebase-ios-sdk" */;
			productName = FirebaseFunctions;
		};
		86A6B3182BD63C3A005DC851 /* FirebaseFunctionsCombine-Community */ = {
			isa = XCSwiftPackageProductDependency;
			package = 86A6B2F72BD63C3A005DC851 /* XCRemoteSwiftPackageReference "firebase-ios-sdk" */;
			productName = "FirebaseFunctionsCombine-Community";
		};
		86A6B31A2BD63C3A005DC851 /* FirebaseInAppMessaging-Beta */ = {
			isa = XCSwiftPackageProductDependency;
			package = 86A6B2F72BD63C3A005DC851 /* XCRemoteSwiftPackageReference "firebase-ios-sdk" */;
			productName = "FirebaseInAppMessaging-Beta";
		};
		86A6B31C2BD63C3A005DC851 /* FirebaseInAppMessagingSwift-Beta */ = {
			isa = XCSwiftPackageProductDependency;
			package = 86A6B2F72BD63C3A005DC851 /* XCRemoteSwiftPackageReference "firebase-ios-sdk" */;
			productName = "FirebaseInAppMessagingSwift-Beta";
		};
		86A6B31E2BD63C3A005DC851 /* FirebaseInstallations */ = {
			isa = XCSwiftPackageProductDependency;
			package = 86A6B2F72BD63C3A005DC851 /* XCRemoteSwiftPackageReference "firebase-ios-sdk" */;
			productName = FirebaseInstallations;
		};
		86A6B3202BD63C3A005DC851 /* FirebaseMLModelDownloader */ = {
			isa = XCSwiftPackageProductDependency;
			package = 86A6B2F72BD63C3A005DC851 /* XCRemoteSwiftPackageReference "firebase-ios-sdk" */;
			productName = FirebaseMLModelDownloader;
		};
		86A6B3222BD63C3A005DC851 /* FirebaseRemoteConfig */ = {
			isa = XCSwiftPackageProductDependency;
			package = 86A6B2F72BD63C3A005DC851 /* XCRemoteSwiftPackageReference "firebase-ios-sdk" */;
			productName = FirebaseRemoteConfig;
		};
		86A6B3242BD63C3A005DC851 /* FirebaseRemoteConfigSwift */ = {
			isa = XCSwiftPackageProductDependency;
			package = 86A6B2F72BD63C3A005DC851 /* XCRemoteSwiftPackageReference "firebase-ios-sdk" */;
			productName = FirebaseRemoteConfigSwift;
		};
		86A6B3262BD63C3A005DC851 /* FirebaseStorage */ = {
			isa = XCSwiftPackageProductDependency;
			package = 86A6B2F72BD63C3A005DC851 /* XCRemoteSwiftPackageReference "firebase-ios-sdk" */;
			productName = FirebaseStorage;
		};
		86A6B3282BD63C3A005DC851 /* FirebaseStorageCombine-Community */ = {
			isa = XCSwiftPackageProductDependency;
			package = 86A6B2F72BD63C3A005DC851 /* XCRemoteSwiftPackageReference "firebase-ios-sdk" */;
			productName = "FirebaseStorageCombine-Community";
		};
/* End XCSwiftPackageProductDependency section */
	};
	rootObject = 86A6B2DE2BD63BC8005DC851 /* Project object */;
}
